// !$*UTF8*$!
{
	archiveVersion = 1;
	classes = {
	};
	objectVersion = 46;
	objects = {

/* Begin PBXBuildFile section */
		557C2E1C1C0FD347003A1E0A /* main.m in Sources */ = {isa = PBXBuildFile; fileRef = 557C2E1B1C0FD347003A1E0A /* main.m */; };
		557C2E1F1C0FD347003A1E0A /* AppDelegate.m in Sources */ = {isa = PBXBuildFile; fileRef = 557C2E1E1C0FD347003A1E0A /* AppDelegate.m */; };
		557C2E221C0FD347003A1E0A /* ViewController.m in Sources */ = {isa = PBXBuildFile; fileRef = 557C2E211C0FD347003A1E0A /* ViewController.m */; };
		557C2E251C0FD347003A1E0A /* Main.storyboard in Resources */ = {isa = PBXBuildFile; fileRef = 557C2E231C0FD347003A1E0A /* Main.storyboard */; };
		557C2E271C0FD347003A1E0A /* Assets.xcassets in Resources */ = {isa = PBXBuildFile; fileRef = 557C2E261C0FD347003A1E0A /* Assets.xcassets */; };
		557C2E2A1C0FD347003A1E0A /* LaunchScreen.storyboard in Resources */ = {isa = PBXBuildFile; fileRef = 557C2E281C0FD347003A1E0A /* LaunchScreen.storyboard */; };
		557C2E351C0FD347003A1E0A /* DemoTests.m in Sources */ = {isa = PBXBuildFile; fileRef = 557C2E341C0FD347003A1E0A /* DemoTests.m */; };
		557C2E401C0FD347003A1E0A /* DemoUITests.m in Sources */ = {isa = PBXBuildFile; fileRef = 557C2E3F1C0FD347003A1E0A /* DemoUITests.m */; };
		557C2E9E1C0FD646003A1E0A /* FWNavigationViewController.m in Sources */ = {isa = PBXBuildFile; fileRef = 557C2E9D1C0FD646003A1E0A /* FWNavigationViewController.m */; };
		557C2EA11C0FD7A1003A1E0A /* FWViewController.m in Sources */ = {isa = PBXBuildFile; fileRef = 557C2EA01C0FD7A1003A1E0A /* FWViewController.m */; };
		557C2EA51C0FD7FF003A1E0A /* FWViewModel.m in Sources */ = {isa = PBXBuildFile; fileRef = 557C2EA41C0FD7FF003A1E0A /* FWViewModel.m */; };
		557C2EAA1C1024DA003A1E0A /* FWTableViewModel.m in Sources */ = {isa = PBXBuildFile; fileRef = 557C2EA91C1024DA003A1E0A /* FWTableViewModel.m */; };
		557C2EAD1C10285E003A1E0A /* FWTableViewController.m in Sources */ = {isa = PBXBuildFile; fileRef = 557C2EAC1C10285E003A1E0A /* FWTableViewController.m */; };
		557C2F081C103E70003A1E0A /* UINavigationItem+MRCBackBarButtonItem.m in Sources */ = {isa = PBXBuildFile; fileRef = 557C2EFD1C103E70003A1E0A /* UINavigationItem+MRCBackBarButtonItem.m */; };
		557C2F091C103E70003A1E0A /* UISearchBar+MRCShowsCancelButton.m in Sources */ = {isa = PBXBuildFile; fileRef = 557C2EFF1C103E70003A1E0A /* UISearchBar+MRCShowsCancelButton.m */; };
		557C2F0C1C104170003A1E0A /* FWTestViewController.m in Sources */ = {isa = PBXBuildFile; fileRef = 557C2F0B1C104170003A1E0A /* FWTestViewController.m */; };
		67CFC975D593287B547C95D8 /* libPods.a in Frameworks */ = {isa = PBXBuildFile; fileRef = 307E3D377AC52EB3267B605F /* libPods.a */; };
/* End PBXBuildFile section */

/* Begin PBXContainerItemProxy section */
		557C2E311C0FD347003A1E0A /* PBXContainerItemProxy */ = {
			isa = PBXContainerItemProxy;
			containerPortal = 557C2E0F1C0FD347003A1E0A /* Project object */;
			proxyType = 1;
			remoteGlobalIDString = 557C2E161C0FD347003A1E0A;
			remoteInfo = Demo;
		};
		557C2E3C1C0FD347003A1E0A /* PBXContainerItemProxy */ = {
			isa = PBXContainerItemProxy;
			containerPortal = 557C2E0F1C0FD347003A1E0A /* Project object */;
			proxyType = 1;
			remoteGlobalIDString = 557C2E161C0FD347003A1E0A;
			remoteInfo = Demo;
		};
/* End PBXContainerItemProxy section */

/* Begin PBXFileReference section */
		307E3D377AC52EB3267B605F /* libPods.a */ = {isa = PBXFileReference; explicitFileType = archive.ar; includeInIndex = 0; path = libPods.a; sourceTree = BUILT_PRODUCTS_DIR; };
		4122EE91D358A626CA8CF856 /* Pods.release.xcconfig */ = {isa = PBXFileReference; includeInIndex = 1; lastKnownFileType = text.xcconfig; name = Pods.release.xcconfig; path = "Pods/Target Support Files/Pods/Pods.release.xcconfig"; sourceTree = "<group>"; };
		557C2E171C0FD347003A1E0A /* Demo.app */ = {isa = PBXFileReference; explicitFileType = wrapper.application; includeInIndex = 0; path = Demo.app; sourceTree = BUILT_PRODUCTS_DIR; };
		557C2E1B1C0FD347003A1E0A /* main.m */ = {isa = PBXFileReference; lastKnownFileType = sourcecode.c.objc; path = main.m; sourceTree = "<group>"; };
		557C2E1D1C0FD347003A1E0A /* AppDelegate.h */ = {isa = PBXFileReference; lastKnownFileType = sourcecode.c.h; path = AppDelegate.h; sourceTree = "<group>"; };
		557C2E1E1C0FD347003A1E0A /* AppDelegate.m */ = {isa = PBXFileReference; lastKnownFileType = sourcecode.c.objc; path = AppDelegate.m; sourceTree = "<group>"; };
		557C2E201C0FD347003A1E0A /* ViewController.h */ = {isa = PBXFileReference; lastKnownFileType = sourcecode.c.h; path = ViewController.h; sourceTree = "<group>"; };
		557C2E211C0FD347003A1E0A /* ViewController.m */ = {isa = PBXFileReference; lastKnownFileType = sourcecode.c.objc; path = ViewController.m; sourceTree = "<group>"; };
		557C2E241C0FD347003A1E0A /* Base */ = {isa = PBXFileReference; lastKnownFileType = file.storyboard; name = Base; path = Base.lproj/Main.storyboard; sourceTree = "<group>"; };
		557C2E261C0FD347003A1E0A /* Assets.xcassets */ = {isa = PBXFileReference; lastKnownFileType = folder.assetcatalog; path = Assets.xcassets; sourceTree = "<group>"; };
		557C2E291C0FD347003A1E0A /* Base */ = {isa = PBXFileReference; lastKnownFileType = file.storyboard; name = Base; path = Base.lproj/LaunchScreen.storyboard; sourceTree = "<group>"; };
		557C2E2B1C0FD347003A1E0A /* Info.plist */ = {isa = PBXFileReference; lastKnownFileType = text.plist.xml; path = Info.plist; sourceTree = "<group>"; };
		557C2E301C0FD347003A1E0A /* DemoTests.xctest */ = {isa = PBXFileReference; explicitFileType = wrapper.cfbundle; includeInIndex = 0; path = DemoTests.xctest; sourceTree = BUILT_PRODUCTS_DIR; };
		557C2E341C0FD347003A1E0A /* DemoTests.m */ = {isa = PBXFileReference; lastKnownFileType = sourcecode.c.objc; path = DemoTests.m; sourceTree = "<group>"; };
		557C2E361C0FD347003A1E0A /* Info.plist */ = {isa = PBXFileReference; lastKnownFileType = text.plist.xml; path = Info.plist; sourceTree = "<group>"; };
		557C2E3B1C0FD347003A1E0A /* DemoUITests.xctest */ = {isa = PBXFileReference; explicitFileType = wrapper.cfbundle; includeInIndex = 0; path = DemoUITests.xctest; sourceTree = BUILT_PRODUCTS_DIR; };
		557C2E3F1C0FD347003A1E0A /* DemoUITests.m */ = {isa = PBXFileReference; lastKnownFileType = sourcecode.c.objc; path = DemoUITests.m; sourceTree = "<group>"; };
		557C2E411C0FD347003A1E0A /* Info.plist */ = {isa = PBXFileReference; lastKnownFileType = text.plist.xml; path = Info.plist; sourceTree = "<group>"; };
		557C2E9C1C0FD646003A1E0A /* FWNavigationViewController.h */ = {isa = PBXFileReference; fileEncoding = 4; lastKnownFileType = sourcecode.c.h; path = FWNavigationViewController.h; sourceTree = "<group>"; };
		557C2E9D1C0FD646003A1E0A /* FWNavigationViewController.m */ = {isa = PBXFileReference; fileEncoding = 4; lastKnownFileType = sourcecode.c.objc; path = FWNavigationViewController.m; sourceTree = "<group>"; };
		557C2E9F1C0FD7A1003A1E0A /* FWViewController.h */ = {isa = PBXFileReference; fileEncoding = 4; lastKnownFileType = sourcecode.c.h; path = FWViewController.h; sourceTree = "<group>"; };
		557C2EA01C0FD7A1003A1E0A /* FWViewController.m */ = {isa = PBXFileReference; fileEncoding = 4; lastKnownFileType = sourcecode.c.objc; path = FWViewController.m; sourceTree = "<group>"; };
		557C2EA31C0FD7FF003A1E0A /* FWViewModel.h */ = {isa = PBXFileReference; fileEncoding = 4; lastKnownFileType = sourcecode.c.h; path = FWViewModel.h; sourceTree = "<group>"; };
		557C2EA41C0FD7FF003A1E0A /* FWViewModel.m */ = {isa = PBXFileReference; fileEncoding = 4; lastKnownFileType = sourcecode.c.objc; path = FWViewModel.m; sourceTree = "<group>"; };
		557C2EA71C0FEEA8003A1E0A /* FWDemo-Prefix.pch */ = {isa = PBXFileReference; lastKnownFileType = sourcecode.c.h; path = "FWDemo-Prefix.pch"; sourceTree = "<group>"; };
		557C2EA81C1024DA003A1E0A /* FWTableViewModel.h */ = {isa = PBXFileReference; fileEncoding = 4; lastKnownFileType = sourcecode.c.h; path = FWTableViewModel.h; sourceTree = "<group>"; };
		557C2EA91C1024DA003A1E0A /* FWTableViewModel.m */ = {isa = PBXFileReference; fileEncoding = 4; lastKnownFileType = sourcecode.c.objc; path = FWTableViewModel.m; sourceTree = "<group>"; };
		557C2EAB1C10285E003A1E0A /* FWTableViewController.h */ = {isa = PBXFileReference; fileEncoding = 4; lastKnownFileType = sourcecode.c.h; path = FWTableViewController.h; sourceTree = "<group>"; };
		557C2EAC1C10285E003A1E0A /* FWTableViewController.m */ = {isa = PBXFileReference; fileEncoding = 4; lastKnownFileType = sourcecode.c.objc; path = FWTableViewController.m; sourceTree = "<group>"; };
		557C2EFC1C103E70003A1E0A /* UINavigationItem+MRCBackBarButtonItem.h */ = {isa = PBXFileReference; fileEncoding = 4; lastKnownFileType = sourcecode.c.h; path = "UINavigationItem+MRCBackBarButtonItem.h"; sourceTree = "<group>"; };
		557C2EFD1C103E70003A1E0A /* UINavigationItem+MRCBackBarButtonItem.m */ = {isa = PBXFileReference; fileEncoding = 4; lastKnownFileType = sourcecode.c.objc; path = "UINavigationItem+MRCBackBarButtonItem.m"; sourceTree = "<group>"; };
		557C2EFE1C103E70003A1E0A /* UISearchBar+MRCShowsCancelButton.h */ = {isa = PBXFileReference; fileEncoding = 4; lastKnownFileType = sourcecode.c.h; path = "UISearchBar+MRCShowsCancelButton.h"; sourceTree = "<group>"; };
		557C2EFF1C103E70003A1E0A /* UISearchBar+MRCShowsCancelButton.m */ = {isa = PBXFileReference; fileEncoding = 4; lastKnownFileType = sourcecode.c.objc; path = "UISearchBar+MRCShowsCancelButton.m"; sourceTree = "<group>"; };
		557C2F0A1C104170003A1E0A /* FWTestViewController.h */ = {isa = PBXFileReference; fileEncoding = 4; lastKnownFileType = sourcecode.c.h; path = FWTestViewController.h; sourceTree = "<group>"; };
		557C2F0B1C104170003A1E0A /* FWTestViewController.m */ = {isa = PBXFileReference; fileEncoding = 4; lastKnownFileType = sourcecode.c.objc; path = FWTestViewController.m; sourceTree = "<group>"; };
		A4903829E2D36840086D6B44 /* Pods.debug.xcconfig */ = {isa = PBXFileReference; includeInIndex = 1; lastKnownFileType = text.xcconfig; name = Pods.debug.xcconfig; path = "Pods/Target Support Files/Pods/Pods.debug.xcconfig"; sourceTree = "<group>"; };
/* End PBXFileReference section */

/* Begin PBXFrameworksBuildPhase section */
		557C2E141C0FD347003A1E0A /* Frameworks */ = {
			isa = PBXFrameworksBuildPhase;
			buildActionMask = 2147483647;
			files = (
				67CFC975D593287B547C95D8 /* libPods.a in Frameworks */,
			);
			runOnlyForDeploymentPostprocessing = 0;
		};
		557C2E2D1C0FD347003A1E0A /* Frameworks */ = {
			isa = PBXFrameworksBuildPhase;
			buildActionMask = 2147483647;
			files = (
			);
			runOnlyForDeploymentPostprocessing = 0;
		};
		557C2E381C0FD347003A1E0A /* Frameworks */ = {
			isa = PBXFrameworksBuildPhase;
			buildActionMask = 2147483647;
			files = (
			);
			runOnlyForDeploymentPostprocessing = 0;
		};
/* End PBXFrameworksBuildPhase section */

/* Begin PBXGroup section */
		393D5545A0DAD2A891FCB843 /* Frameworks */ = {
			isa = PBXGroup;
			children = (
				307E3D377AC52EB3267B605F /* libPods.a */,
			);
			name = Frameworks;
			sourceTree = "<group>";
		};
		557C2E0E1C0FD347003A1E0A = {
			isa = PBXGroup;
			children = (
				557C2E191C0FD347003A1E0A /* Demo */,
				557C2E331C0FD347003A1E0A /* DemoTests */,
				557C2E3E1C0FD347003A1E0A /* DemoUITests */,
				557C2E181C0FD347003A1E0A /* Products */,
				C41273405F68E1968B55BD25 /* Pods */,
				393D5545A0DAD2A891FCB843 /* Frameworks */,
			);
			sourceTree = "<group>";
		};
		557C2E181C0FD347003A1E0A /* Products */ = {
			isa = PBXGroup;
			children = (
				557C2E171C0FD347003A1E0A /* Demo.app */,
				557C2E301C0FD347003A1E0A /* DemoTests.xctest */,
				557C2E3B1C0FD347003A1E0A /* DemoUITests.xctest */,
			);
			name = Products;
			sourceTree = "<group>";
		};
		557C2E191C0FD347003A1E0A /* Demo */ = {
			isa = PBXGroup;
			children = (
				557C2E1D1C0FD347003A1E0A /* AppDelegate.h */,
				557C2E1E1C0FD347003A1E0A /* AppDelegate.m */,
				557C2E201C0FD347003A1E0A /* ViewController.h */,
				557C2E211C0FD347003A1E0A /* ViewController.m */,
				557C2F0A1C104170003A1E0A /* FWTestViewController.h */,
				557C2F0B1C104170003A1E0A /* FWTestViewController.m */,
				557C2E671C0FD589003A1E0A /* View */,
				557C2E681C0FD589003A1E0A /* ViewModel */,
				557C2E231C0FD347003A1E0A /* Main.storyboard */,
				557C2E261C0FD347003A1E0A /* Assets.xcassets */,
				557C2E281C0FD347003A1E0A /* LaunchScreen.storyboard */,
				557C2E2B1C0FD347003A1E0A /* Info.plist */,
				557C2EA71C0FEEA8003A1E0A /* FWDemo-Prefix.pch */,
				557C2E1A1C0FD347003A1E0A /* Supporting Files */,
			);
			path = Demo;
			sourceTree = "<group>";
		};
		557C2E1A1C0FD347003A1E0A /* Supporting Files */ = {
			isa = PBXGroup;
			children = (
				557C2E1B1C0FD347003A1E0A /* main.m */,
			);
			name = "Supporting Files";
			sourceTree = "<group>";
		};
		557C2E331C0FD347003A1E0A /* DemoTests */ = {
			isa = PBXGroup;
			children = (
				557C2E341C0FD347003A1E0A /* DemoTests.m */,
				557C2E361C0FD347003A1E0A /* Info.plist */,
			);
			path = DemoTests;
			sourceTree = "<group>";
		};
		557C2E3E1C0FD347003A1E0A /* DemoUITests */ = {
			isa = PBXGroup;
			children = (
				557C2E3F1C0FD347003A1E0A /* DemoUITests.m */,
				557C2E411C0FD347003A1E0A /* Info.plist */,
			);
			path = DemoUITests;
			sourceTree = "<group>";
		};
		557C2E671C0FD589003A1E0A /* View */ = {
			isa = PBXGroup;
			children = (
				557C2E7E1C0FD5CB003A1E0A /* BaseClass */,
			);
			path = View;
			sourceTree = "<group>";
		};
		557C2E681C0FD589003A1E0A /* ViewModel */ = {
			isa = PBXGroup;
			children = (
				557C2E691C0FD589003A1E0A /* BaseClass */,
			);
			path = ViewModel;
			sourceTree = "<group>";
		};
		557C2E691C0FD589003A1E0A /* BaseClass */ = {
			isa = PBXGroup;
			children = (
				557C2EA61C0FD817003A1E0A /* My */,
			);
			path = BaseClass;
			sourceTree = "<group>";
		};
		557C2E7E1C0FD5CB003A1E0A /* BaseClass */ = {
			isa = PBXGroup;
			children = (
				557C2EFC1C103E70003A1E0A /* UINavigationItem+MRCBackBarButtonItem.h */,
				557C2EFD1C103E70003A1E0A /* UINavigationItem+MRCBackBarButtonItem.m */,
				557C2EFE1C103E70003A1E0A /* UISearchBar+MRCShowsCancelButton.h */,
				557C2EFF1C103E70003A1E0A /* UISearchBar+MRCShowsCancelButton.m */,
				557C2EA21C0FD7AF003A1E0A /* My */,
			);
			path = BaseClass;
			sourceTree = "<group>";
		};
		557C2EA21C0FD7AF003A1E0A /* My */ = {
			isa = PBXGroup;
			children = (
				557C2E9C1C0FD646003A1E0A /* FWNavigationViewController.h */,
				557C2E9D1C0FD646003A1E0A /* FWNavigationViewController.m */,
				557C2E9F1C0FD7A1003A1E0A /* FWViewController.h */,
				557C2EA01C0FD7A1003A1E0A /* FWViewController.m */,
				557C2EAB1C10285E003A1E0A /* FWTableViewController.h */,
				557C2EAC1C10285E003A1E0A /* FWTableViewController.m */,
			);
			name = My;
			sourceTree = "<group>";
		};
		557C2EA61C0FD817003A1E0A /* My */ = {
			isa = PBXGroup;
			children = (
				557C2EA31C0FD7FF003A1E0A /* FWViewModel.h */,
				557C2EA41C0FD7FF003A1E0A /* FWViewModel.m */,
				557C2EA81C1024DA003A1E0A /* FWTableViewModel.h */,
				557C2EA91C1024DA003A1E0A /* FWTableViewModel.m */,
			);
			name = My;
			sourceTree = "<group>";
		};
		C41273405F68E1968B55BD25 /* Pods */ = {
			isa = PBXGroup;
			children = (
				A4903829E2D36840086D6B44 /* Pods.debug.xcconfig */,
				4122EE91D358A626CA8CF856 /* Pods.release.xcconfig */,
			);
			name = Pods;
			sourceTree = "<group>";
		};
/* End PBXGroup section */

/* Begin PBXNativeTarget section */
		557C2E161C0FD347003A1E0A /* Demo */ = {
			isa = PBXNativeTarget;
			buildConfigurationList = 557C2E441C0FD347003A1E0A /* Build configuration list for PBXNativeTarget "Demo" */;
			buildPhases = (
				5220FA20FAE3A2E91F733961 /* Check Pods Manifest.lock */,
				557C2E131C0FD347003A1E0A /* Sources */,
				557C2E141C0FD347003A1E0A /* Frameworks */,
				557C2E151C0FD347003A1E0A /* Resources */,
				59D79892039E8EED45E04B7F /* Embed Pods Frameworks */,
				8231581342916547C1D6287A /* Copy Pods Resources */,
			);
			buildRules = (
			);
			dependencies = (
			);
			name = Demo;
			productName = Demo;
			productReference = 557C2E171C0FD347003A1E0A /* Demo.app */;
			productType = "com.apple.product-type.application";
		};
		557C2E2F1C0FD347003A1E0A /* DemoTests */ = {
			isa = PBXNativeTarget;
			buildConfigurationList = 557C2E471C0FD347003A1E0A /* Build configuration list for PBXNativeTarget "DemoTests" */;
			buildPhases = (
				557C2E2C1C0FD347003A1E0A /* Sources */,
				557C2E2D1C0FD347003A1E0A /* Frameworks */,
				557C2E2E1C0FD347003A1E0A /* Resources */,
			);
			buildRules = (
			);
			dependencies = (
				557C2E321C0FD347003A1E0A /* PBXTargetDependency */,
			);
			name = DemoTests;
			productName = DemoTests;
			productReference = 557C2E301C0FD347003A1E0A /* DemoTests.xctest */;
			productType = "com.apple.product-type.bundle.unit-test";
		};
		557C2E3A1C0FD347003A1E0A /* DemoUITests */ = {
			isa = PBXNativeTarget;
			buildConfigurationList = 557C2E4A1C0FD347003A1E0A /* Build configuration list for PBXNativeTarget "DemoUITests" */;
			buildPhases = (
				557C2E371C0FD347003A1E0A /* Sources */,
				557C2E381C0FD347003A1E0A /* Frameworks */,
				557C2E391C0FD347003A1E0A /* Resources */,
			);
			buildRules = (
			);
			dependencies = (
				557C2E3D1C0FD347003A1E0A /* PBXTargetDependency */,
			);
			name = DemoUITests;
			productName = DemoUITests;
			productReference = 557C2E3B1C0FD347003A1E0A /* DemoUITests.xctest */;
			productType = "com.apple.product-type.bundle.ui-testing";
		};
/* End PBXNativeTarget section */

/* Begin PBXProject section */
		557C2E0F1C0FD347003A1E0A /* Project object */ = {
			isa = PBXProject;
			attributes = {
				CLASSPREFIX = FW;
				LastUpgradeCheck = 0710;
				ORGANIZATIONNAME = Dave;
				TargetAttributes = {
					557C2E161C0FD347003A1E0A = {
						CreatedOnToolsVersion = 7.1;
					};
					557C2E2F1C0FD347003A1E0A = {
						CreatedOnToolsVersion = 7.1;
						TestTargetID = 557C2E161C0FD347003A1E0A;
					};
					557C2E3A1C0FD347003A1E0A = {
						CreatedOnToolsVersion = 7.1;
						TestTargetID = 557C2E161C0FD347003A1E0A;
					};
				};
			};
			buildConfigurationList = 557C2E121C0FD347003A1E0A /* Build configuration list for PBXProject "Demo" */;
			compatibilityVersion = "Xcode 3.2";
			developmentRegion = English;
			hasScannedForEncodings = 0;
			knownRegions = (
				en,
				Base,
			);
			mainGroup = 557C2E0E1C0FD347003A1E0A;
			productRefGroup = 557C2E181C0FD347003A1E0A /* Products */;
			projectDirPath = "";
			projectRoot = "";
			targets = (
				557C2E161C0FD347003A1E0A /* Demo */,
				557C2E2F1C0FD347003A1E0A /* DemoTests */,
				557C2E3A1C0FD347003A1E0A /* DemoUITests */,
			);
		};
/* End PBXProject section */

/* Begin PBXResourcesBuildPhase section */
		557C2E151C0FD347003A1E0A /* Resources */ = {
			isa = PBXResourcesBuildPhase;
			buildActionMask = 2147483647;
			files = (
				557C2E2A1C0FD347003A1E0A /* LaunchScreen.storyboard in Resources */,
				557C2E271C0FD347003A1E0A /* Assets.xcassets in Resources */,
				557C2E251C0FD347003A1E0A /* Main.storyboard in Resources */,
			);
			runOnlyForDeploymentPostprocessing = 0;
		};
		557C2E2E1C0FD347003A1E0A /* Resources */ = {
			isa = PBXResourcesBuildPhase;
			buildActionMask = 2147483647;
			files = (
			);
			runOnlyForDeploymentPostprocessing = 0;
		};
		557C2E391C0FD347003A1E0A /* Resources */ = {
			isa = PBXResourcesBuildPhase;
			buildActionMask = 2147483647;
			files = (
			);
			runOnlyForDeploymentPostprocessing = 0;
		};
/* End PBXResourcesBuildPhase section */

/* Begin PBXShellScriptBuildPhase section */
		5220FA20FAE3A2E91F733961 /* Check Pods Manifest.lock */ = {
			isa = PBXShellScriptBuildPhase;
			buildActionMask = 2147483647;
			files = (
			);
			inputPaths = (
			);
			name = "Check Pods Manifest.lock";
			outputPaths = (
			);
			runOnlyForDeploymentPostprocessing = 0;
			shellPath = /bin/sh;
			shellScript = "diff \"${PODS_ROOT}/../Podfile.lock\" \"${PODS_ROOT}/Manifest.lock\" > /dev/null\nif [[ $? != 0 ]] ; then\n    cat << EOM\nerror: The sandbox is not in sync with the Podfile.lock. Run 'pod install' or update your CocoaPods installation.\nEOM\n    exit 1\nfi\n";
			showEnvVarsInLog = 0;
		};
		59D79892039E8EED45E04B7F /* Embed Pods Frameworks */ = {
			isa = PBXShellScriptBuildPhase;
			buildActionMask = 2147483647;
			files = (
			);
			inputPaths = (
			);
			name = "Embed Pods Frameworks";
			outputPaths = (
			);
			runOnlyForDeploymentPostprocessing = 0;
			shellPath = /bin/sh;
			shellScript = "\"${SRCROOT}/Pods/Target Support Files/Pods/Pods-frameworks.sh\"\n";
			showEnvVarsInLog = 0;
		};
		8231581342916547C1D6287A /* Copy Pods Resources */ = {
			isa = PBXShellScriptBuildPhase;
			buildActionMask = 2147483647;
			files = (
			);
			inputPaths = (
			);
			name = "Copy Pods Resources";
			outputPaths = (
			);
			runOnlyForDeploymentPostprocessing = 0;
			shellPath = /bin/sh;
			shellScript = "\"${SRCROOT}/Pods/Target Support Files/Pods/Pods-resources.sh\"\n";
			showEnvVarsInLog = 0;
		};
/* End PBXShellScriptBuildPhase section */

/* Begin PBXSourcesBuildPhase section */
		557C2E131C0FD347003A1E0A /* Sources */ = {
			isa = PBXSourcesBuildPhase;
			buildActionMask = 2147483647;
			files = (
				557C2F0C1C104170003A1E0A /* FWTestViewController.m in Sources */,
				557C2E221C0FD347003A1E0A /* ViewController.m in Sources */,
				557C2EAD1C10285E003A1E0A /* FWTableViewController.m in Sources */,
				557C2E9E1C0FD646003A1E0A /* FWNavigationViewController.m in Sources */,
				557C2EA51C0FD7FF003A1E0A /* FWViewModel.m in Sources */,
				557C2F091C103E70003A1E0A /* UISearchBar+MRCShowsCancelButton.m in Sources */,
				557C2EAA1C1024DA003A1E0A /* FWTableViewModel.m in Sources */,
				557C2EA11C0FD7A1003A1E0A /* FWViewController.m in Sources */,
				557C2F081C103E70003A1E0A /* UINavigationItem+MRCBackBarButtonItem.m in Sources */,
				557C2E1F1C0FD347003A1E0A /* AppDelegate.m in Sources */,
				557C2E1C1C0FD347003A1E0A /* main.m in Sources */,
			);
			runOnlyForDeploymentPostprocessing = 0;
		};
		557C2E2C1C0FD347003A1E0A /* Sources */ = {
			isa = PBXSourcesBuildPhase;
			buildActionMask = 2147483647;
			files = (
				557C2E351C0FD347003A1E0A /* DemoTests.m in Sources */,
			);
			runOnlyForDeploymentPostprocessing = 0;
		};
		557C2E371C0FD347003A1E0A /* Sources */ = {
			isa = PBXSourcesBuildPhase;
			buildActionMask = 2147483647;
			files = (
				557C2E401C0FD347003A1E0A /* DemoUITests.m in Sources */,
			);
			runOnlyForDeploymentPostprocessing = 0;
		};
/* End PBXSourcesBuildPhase section */

/* Begin PBXTargetDependency section */
		557C2E321C0FD347003A1E0A /* PBXTargetDependency */ = {
			isa = PBXTargetDependency;
			target = 557C2E161C0FD347003A1E0A /* Demo */;
			targetProxy = 557C2E311C0FD347003A1E0A /* PBXContainerItemProxy */;
		};
		557C2E3D1C0FD347003A1E0A /* PBXTargetDependency */ = {
			isa = PBXTargetDependency;
			target = 557C2E161C0FD347003A1E0A /* Demo */;
			targetProxy = 557C2E3C1C0FD347003A1E0A /* PBXContainerItemProxy */;
		};
/* End PBXTargetDependency section */

/* Begin PBXVariantGroup section */
		557C2E231C0FD347003A1E0A /* Main.storyboard */ = {
			isa = PBXVariantGroup;
			children = (
				557C2E241C0FD347003A1E0A /* Base */,
			);
			name = Main.storyboard;
			sourceTree = "<group>";
		};
		557C2E281C0FD347003A1E0A /* LaunchScreen.storyboard */ = {
			isa = PBXVariantGroup;
			children = (
				557C2E291C0FD347003A1E0A /* Base */,
			);
			name = LaunchScreen.storyboard;
			sourceTree = "<group>";
		};
/* End PBXVariantGroup section */

/* Begin XCBuildConfiguration section */
		557C2E421C0FD347003A1E0A /* Debug */ = {
			isa = XCBuildConfiguration;
			buildSettings = {
				ALWAYS_SEARCH_USER_PATHS = NO;
				CLANG_CXX_LANGUAGE_STANDARD = "gnu++0x";
				CLANG_CXX_LIBRARY = "libc++";
				CLANG_ENABLE_MODULES = YES;
				CLANG_ENABLE_OBJC_ARC = YES;
				CLANG_WARN_BOOL_CONVERSION = YES;
				CLANG_WARN_CONSTANT_CONVERSION = YES;
				CLANG_WARN_DIRECT_OBJC_ISA_USAGE = YES_ERROR;
				CLANG_WARN_EMPTY_BODY = YES;
				CLANG_WARN_ENUM_CONVERSION = YES;
				CLANG_WARN_INT_CONVERSION = YES;
				CLANG_WARN_OBJC_ROOT_CLASS = YES_ERROR;
				CLANG_WARN_UNREACHABLE_CODE = YES;
				CLANG_WARN__DUPLICATE_METHOD_MATCH = YES;
				"CODE_SIGN_IDENTITY[sdk=iphoneos*]" = "iPhone Developer";
				COPY_PHASE_STRIP = NO;
				DEBUG_INFORMATION_FORMAT = dwarf;
				ENABLE_STRICT_OBJC_MSGSEND = YES;
				ENABLE_TESTABILITY = YES;
				GCC_C_LANGUAGE_STANDARD = gnu99;
				GCC_DYNAMIC_NO_PIC = NO;
				GCC_NO_COMMON_BLOCKS = YES;
				GCC_OPTIMIZATION_LEVEL = 0;
				GCC_PREPROCESSOR_DEFINITIONS = (
					"DEBUG=1",
					"$(inherited)",
				);
				GCC_WARN_64_TO_32_BIT_CONVERSION = YES;
				GCC_WARN_ABOUT_RETURN_TYPE = YES_ERROR;
				GCC_WARN_UNDECLARED_SELECTOR = YES;
				GCC_WARN_UNINITIALIZED_AUTOS = YES_AGGRESSIVE;
				GCC_WARN_UNUSED_FUNCTION = YES;
				GCC_WARN_UNUSED_VARIABLE = YES;
				IPHONEOS_DEPLOYMENT_TARGET = 9.1;
				MTL_ENABLE_DEBUG_INFO = YES;
				ONLY_ACTIVE_ARCH = YES;
				SDKROOT = iphoneos;
			};
			name = Debug;
		};
		557C2E431C0FD347003A1E0A /* Release */ = {
			isa = XCBuildConfiguration;
			buildSettings = {
				ALWAYS_SEARCH_USER_PATHS = NO;
				CLANG_CXX_LANGUAGE_STANDARD = "gnu++0x";
				CLANG_CXX_LIBRARY = "libc++";
				CLANG_ENABLE_MODULES = YES;
				CLANG_ENABLE_OBJC_ARC = YES;
				CLANG_WARN_BOOL_CONVERSION = YES;
				CLANG_WARN_CONSTANT_CONVERSION = YES;
				CLANG_WARN_DIRECT_OBJC_ISA_USAGE = YES_ERROR;
				CLANG_WARN_EMPTY_BODY = YES;
				CLANG_WARN_ENUM_CONVERSION = YES;
				CLANG_WARN_INT_CONVERSION = YES;
				CLANG_WARN_OBJC_ROOT_CLASS = YES_ERROR;
				CLANG_WARN_UNREACHABLE_CODE = YES;
				CLANG_WARN__DUPLICATE_METHOD_MATCH = YES;
				"CODE_SIGN_IDENTITY[sdk=iphoneos*]" = "iPhone Developer";
				COPY_PHASE_STRIP = NO;
				DEBUG_INFORMATION_FORMAT = "dwarf-with-dsym";
				ENABLE_NS_ASSERTIONS = NO;
				ENABLE_STRICT_OBJC_MSGSEND = YES;
				GCC_C_LANGUAGE_STANDARD = gnu99;
				GCC_NO_COMMON_BLOCKS = YES;
				GCC_WARN_64_TO_32_BIT_CONVERSION = YES;
				GCC_WARN_ABOUT_RETURN_TYPE = YES_ERROR;
				GCC_WARN_UNDECLARED_SELECTOR = YES;
				GCC_WARN_UNINITIALIZED_AUTOS = YES_AGGRESSIVE;
				GCC_WARN_UNUSED_FUNCTION = YES;
				GCC_WARN_UNUSED_VARIABLE = YES;
				IPHONEOS_DEPLOYMENT_TARGET = 9.1;
				MTL_ENABLE_DEBUG_INFO = NO;
				SDKROOT = iphoneos;
				VALIDATE_PRODUCT = YES;
			};
			name = Release;
		};
		557C2E451C0FD347003A1E0A /* Debug */ = {
			isa = XCBuildConfiguration;
			baseConfigurationReference = A4903829E2D36840086D6B44 /* Pods.debug.xcconfig */;
			buildSettings = {
				ASSETCATALOG_COMPILER_APPICON_NAME = AppIcon;
				GCC_PRECOMPILE_PREFIX_HEADER = YES;
				GCC_PREFIX_HEADER = "$(SRCROOT)/Demo/FWDemo-Prefix.pch";
				INFOPLIST_FILE = Demo/Info.plist;
				LD_RUNPATH_SEARCH_PATHS = "$(inherited) @executable_path/Frameworks";
				PRODUCT_BUNDLE_IDENTIFIER = cwb.Demo;
				PRODUCT_NAME = "$(TARGET_NAME)";
			};
			name = Debug;
		};
		557C2E461C0FD347003A1E0A /* Release */ = {
			isa = XCBuildConfiguration;
			baseConfigurationReference = 4122EE91D358A626CA8CF856 /* Pods.release.xcconfig */;
			buildSettings = {
				ASSETCATALOG_COMPILER_APPICON_NAME = AppIcon;
				GCC_PRECOMPILE_PREFIX_HEADER = YES;
				GCC_PREFIX_HEADER = "$(SRCROOT)/Demo/FWDemo-Prefix.pch";
				INFOPLIST_FILE = Demo/Info.plist;
				LD_RUNPATH_SEARCH_PATHS = "$(inherited) @executable_path/Frameworks";
				PRODUCT_BUNDLE_IDENTIFIER = cwb.Demo;
				PRODUCT_NAME = "$(TARGET_NAME)";
			};
			name = Release;
		};
		557C2E481C0FD347003A1E0A /* Debug */ = {
			isa = XCBuildConfiguration;
			buildSettings = {
				BUNDLE_LOADER = "$(TEST_HOST)";
				INFOPLIST_FILE = DemoTests/Info.plist;
				LD_RUNPATH_SEARCH_PATHS = "$(inherited) @executable_path/Frameworks @loader_path/Frameworks";
				PRODUCT_BUNDLE_IDENTIFIER = cwb.DemoTests;
				PRODUCT_NAME = "$(TARGET_NAME)";
				TEST_HOST = "$(BUILT_PRODUCTS_DIR)/Demo.app/Demo";
			};
			name = Debug;
		};
		557C2E491C0FD347003A1E0A /* Release */ = {
			isa = XCBuildConfiguration;
			buildSettings = {
				BUNDLE_LOADER = "$(TEST_HOST)";
				INFOPLIST_FILE = DemoTests/Info.plist;
				LD_RUNPATH_SEARCH_PATHS = "$(inherited) @executable_path/Frameworks @loader_path/Frameworks";
				PRODUCT_BUNDLE_IDENTIFIER = cwb.DemoTests;
				PRODUCT_NAME = "$(TARGET_NAME)";
				TEST_HOST = "$(BUILT_PRODUCTS_DIR)/Demo.app/Demo";
			};
			name = Release;
		};
		557C2E4B1C0FD347003A1E0A /* Debug */ = {
			isa = XCBuildConfiguration;
			buildSettings = {
				INFOPLIST_FILE = DemoUITests/Info.plist;
				LD_RUNPATH_SEARCH_PATHS = "$(inherited) @executable_path/Frameworks @loader_path/Frameworks";
				PRODUCT_BUNDLE_IDENTIFIER = cwb.DemoUITests;
				PRODUCT_NAME = "$(TARGET_NAME)";
				TEST_TARGET_NAME = Demo;
				USES_XCTRUNNER = YES;
			};
			name = Debug;
		};
		557C2E4C1C0FD347003A1E0A /* Release */ = {
			isa = XCBuildConfiguration;
			buildSettings = {
				INFOPLIST_FILE = DemoUITests/Info.plist;
				LD_RUNPATH_SEARCH_PATHS = "$(inherited) @executable_path/Frameworks @loader_path/Frameworks";
				PRODUCT_BUNDLE_IDENTIFIER = cwb.DemoUITests;
				PRODUCT_NAME = "$(TARGET_NAME)";
				TEST_TARGET_NAME = Demo;
				USES_XCTRUNNER = YES;
			};
			name = Release;
		};
/* End XCBuildConfiguration section */

/* Begin XCConfigurationList section */
		557C2E121C0FD347003A1E0A /* Build configuration list for PBXProject "Demo" */ = {
			isa = XCConfigurationList;
			buildConfigurations = (
				557C2E421C0FD347003A1E0A /* Debug */,
				557C2E431C0FD347003A1E0A /* Release */,
			);
			defaultConfigurationIsVisible = 0;
			defaultConfigurationName = Release;
		};
		557C2E441C0FD347003A1E0A /* Build configuration list for PBXNativeTarget "Demo" */ = {
			isa = XCConfigurationList;
			buildConfigurations = (
				557C2E451C0FD347003A1E0A /* Debug */,
				557C2E461C0FD347003A1E0A /* Release */,
			);
			defaultConfigurationIsVisible = 0;
			defaultConfigurationName = Release;
		};
		557C2E471C0FD347003A1E0A /* Build configuration list for PBXNativeTarget "DemoTests" */ = {
			isa = XCConfigurationList;
			buildConfigurations = (
				557C2E481C0FD347003A1E0A /* Debug */,
				557C2E491C0FD347003A1E0A /* Release */,
			);
			defaultConfigurationIsVisible = 0;
			defaultConfigurationName = Release;
		};
		557C2E4A1C0FD347003A1E0A /* Build configuration list for PBXNativeTarget "DemoUITests" */ = {
			isa = XCConfigurationList;
			buildConfigurations = (
				557C2E4B1C0FD347003A1E0A /* Debug */,
				557C2E4C1C0FD347003A1E0A /* Release */,
			);
			defaultConfigurationIsVisible = 0;
			defaultConfigurationName = Release;
		};
/* End XCConfigurationList section */
	};
	rootObject = 557C2E0F1C0FD347003A1E0A /* Project object */;
}
